
Microsoft Visual Studio Solution File, Format Version 12.00
# Visual Studio Version 17
VisualStudioVersion = 17.3.32819.101
MinimumVisualStudioVersion = 10.0.40219.1
Project("{FAE04EC0-301F-11D3-BF4B-00C04F79EFBC}") = "Sanalogi.API", "Sanalogi.API\Sanalogi.API.csproj", "{0DBBE940-83F1-42ED-A774-7A679A7CA178}"
EndProject
Global
	GlobalSection(SolutionConfigurationPlatforms) = preSolution
		Debug|Any CPU = Debug|Any CPU
		Release|Any CPU = Release|Any CPU
	EndGlobalSection
	GlobalSection(ProjectConfigurationPlatforms) = postSolution
		{0DBBE940-83F1-42ED-A774-7A679A7CA178}.Debug|Any CPU.ActiveCfg = Debug|Any CPU
		{0DBBE940-83F1-42ED-A774-7A679A7CA178}.Debug|Any CPU.Build.0 = Debug|Any CPU
		{0DBBE940-83F1-42ED-A774-7A679A7CA178}.Release|Any CPU.ActiveCfg = Release|Any CPU
		{0DBBE940-83F1-42ED-A774-7A679A7CA178}.Release|Any CPU.Build.0 = Release|Any CPU
	EndGlobalSection
	GlobalSection(SolutionProperties) = preSolution
		HideSolutionNode = FALSE
	EndGlobalSection
	GlobalSection(ExtensibilityGlobals) = postSolution
		SolutionGuid = {5D11AA4C-086A-44E7-B874-1A92F394B8E4}
	EndGlobalSection
EndGlobal
